// !$*UTF8*$!
{
	archiveVersion = 1;
	classes = {
	};
	objectVersion = 56;
	objects = {

/* Begin PBXBuildFile section */
		FA778E6E2CEBAEDB002A7BB1 /* RepositoryTableViewDelegate.swift in Sources */ = {isa = PBXBuildFile; fileRef = FA778E6D2CEBAEDB002A7BB1 /* RepositoryTableViewDelegate.swift */; };
		FA778E702CEBAFDE002A7BB1 /* RepositoryTableViewDataSource.swift in Sources */ = {isa = PBXBuildFile; fileRef = FA778E6F2CEBAFDE002A7BB1 /* RepositoryTableViewDataSource.swift */; };
		FA778E722CEBB838002A7BB1 /* RepositoryViewModel.swift in Sources */ = {isa = PBXBuildFile; fileRef = FA778E712CEBB838002A7BB1 /* RepositoryViewModel.swift */; };
		FA778E742CECC731002A7BB1 /* Item.swift in Sources */ = {isa = PBXBuildFile; fileRef = FA778E732CECC731002A7BB1 /* Item.swift */; };
		FA778E762CECC741002A7BB1 /* Owner.swift in Sources */ = {isa = PBXBuildFile; fileRef = FA778E752CECC741002A7BB1 /* Owner.swift */; };
		FA778E782CECC81C002A7BB1 /* PullRequestViewModel.swift in Sources */ = {isa = PBXBuildFile; fileRef = FA778E772CECC81C002A7BB1 /* PullRequestViewModel.swift */; };
		FA778E7A2CECE765002A7BB1 /* PullRequestTableViewCell.swift in Sources */ = {isa = PBXBuildFile; fileRef = FA778E792CECE765002A7BB1 /* PullRequestTableViewCell.swift */; };
		FA778E7C2CECE8D7002A7BB1 /* PullRequestsViewController.swift in Sources */ = {isa = PBXBuildFile; fileRef = FA778E7B2CECE8D7002A7BB1 /* PullRequestsViewController.swift */; };
		FA778E7F2CECE981002A7BB1 /* PullRequestTableViewDataSource.swift in Sources */ = {isa = PBXBuildFile; fileRef = FA778E7E2CECE981002A7BB1 /* PullRequestTableViewDataSource.swift */; };
		FA778E812CECEACE002A7BB1 /* PullRequestTableViewDelegate.swift in Sources */ = {isa = PBXBuildFile; fileRef = FA778E802CECEACE002A7BB1 /* PullRequestTableViewDelegate.swift */; };
		FA778E832CECF1D7002A7BB1 /* RepositoryCellDelegate.swift in Sources */ = {isa = PBXBuildFile; fileRef = FA778E822CECF1D7002A7BB1 /* RepositoryCellDelegate.swift */; };
		FAAF53682CEAB70F000158D1 /* AppDelegate.swift in Sources */ = {isa = PBXBuildFile; fileRef = FAAF53672CEAB70F000158D1 /* AppDelegate.swift */; };
		FAAF536A2CEAB70F000158D1 /* SceneDelegate.swift in Sources */ = {isa = PBXBuildFile; fileRef = FAAF53692CEAB70F000158D1 /* SceneDelegate.swift */; };
		FAAF536C2CEAB70F000158D1 /* RepositoriesViewController.swift in Sources */ = {isa = PBXBuildFile; fileRef = FAAF536B2CEAB70F000158D1 /* RepositoriesViewController.swift */; };
		FAAF53712CEAB710000158D1 /* Assets.xcassets in Resources */ = {isa = PBXBuildFile; fileRef = FAAF53702CEAB710000158D1 /* Assets.xcassets */; };
		FAAF53742CEAB710000158D1 /* LaunchScreen.storyboard in Resources */ = {isa = PBXBuildFile; fileRef = FAAF53722CEAB710000158D1 /* LaunchScreen.storyboard */; };
		FAAF537F2CEAB710000158D1 /* ProjetoGitHubTests.swift in Sources */ = {isa = PBXBuildFile; fileRef = FAAF537E2CEAB710000158D1 /* ProjetoGitHubTests.swift */; };
		FAAF53892CEAB710000158D1 /* ProjetoGitHubUITests.swift in Sources */ = {isa = PBXBuildFile; fileRef = FAAF53882CEAB710000158D1 /* ProjetoGitHubUITests.swift */; };
		FAAF538B2CEAB710000158D1 /* ProjetoGitHubUITestsLaunchTests.swift in Sources */ = {isa = PBXBuildFile; fileRef = FAAF538A2CEAB710000158D1 /* ProjetoGitHubUITestsLaunchTests.swift */; };
		FAAF539B2CEAB8E0000158D1 /* GitHubAPI.swift in Sources */ = {isa = PBXBuildFile; fileRef = FAAF539A2CEAB8E0000158D1 /* GitHubAPI.swift */; };
		FAAF539D2CEB743D000158D1 /* PullRequest.swift in Sources */ = {isa = PBXBuildFile; fileRef = FAAF539C2CEB743D000158D1 /* PullRequest.swift */; };
		FAAF539F2CEB76B3000158D1 /* RepositoryTableViewCell.swift in Sources */ = {isa = PBXBuildFile; fileRef = FAAF539E2CEB76B3000158D1 /* RepositoryTableViewCell.swift */; };
/* End PBXBuildFile section */

/* Begin PBXContainerItemProxy section */
		FAAF537B2CEAB710000158D1 /* PBXContainerItemProxy */ = {
			isa = PBXContainerItemProxy;
			containerPortal = FAAF535C2CEAB70F000158D1 /* Project object */;
			proxyType = 1;
			remoteGlobalIDString = FAAF53632CEAB70F000158D1;
			remoteInfo = ProjetoGitHub;
		};
		FAAF53852CEAB710000158D1 /* PBXContainerItemProxy */ = {
			isa = PBXContainerItemProxy;
			containerPortal = FAAF535C2CEAB70F000158D1 /* Project object */;
			proxyType = 1;
			remoteGlobalIDString = FAAF53632CEAB70F000158D1;
			remoteInfo = ProjetoGitHub;
		};
/* End PBXContainerItemProxy section */

/* Begin PBXFileReference section */
		FA778E6D2CEBAEDB002A7BB1 /* RepositoryTableViewDelegate.swift */ = {isa = PBXFileReference; lastKnownFileType = sourcecode.swift; path = RepositoryTableViewDelegate.swift; sourceTree = "<group>"; };
		FA778E6F2CEBAFDE002A7BB1 /* RepositoryTableViewDataSource.swift */ = {isa = PBXFileReference; lastKnownFileType = sourcecode.swift; path = RepositoryTableViewDataSource.swift; sourceTree = "<group>"; };
		FA778E712CEBB838002A7BB1 /* RepositoryViewModel.swift */ = {isa = PBXFileReference; lastKnownFileType = sourcecode.swift; path = RepositoryViewModel.swift; sourceTree = "<group>"; };
		FA778E732CECC731002A7BB1 /* Item.swift */ = {isa = PBXFileReference; lastKnownFileType = sourcecode.swift; path = Item.swift; sourceTree = "<group>"; };
		FA778E752CECC741002A7BB1 /* Owner.swift */ = {isa = PBXFileReference; lastKnownFileType = sourcecode.swift; path = Owner.swift; sourceTree = "<group>"; };
		FA778E772CECC81C002A7BB1 /* PullRequestViewModel.swift */ = {isa = PBXFileReference; lastKnownFileType = sourcecode.swift; path = PullRequestViewModel.swift; sourceTree = "<group>"; };
		FA778E792CECE765002A7BB1 /* PullRequestTableViewCell.swift */ = {isa = PBXFileReference; lastKnownFileType = sourcecode.swift; path = PullRequestTableViewCell.swift; sourceTree = "<group>"; };
		FA778E7B2CECE8D7002A7BB1 /* PullRequestsViewController.swift */ = {isa = PBXFileReference; lastKnownFileType = sourcecode.swift; path = PullRequestsViewController.swift; sourceTree = "<group>"; };
		FA778E7E2CECE981002A7BB1 /* PullRequestTableViewDataSource.swift */ = {isa = PBXFileReference; lastKnownFileType = sourcecode.swift; path = PullRequestTableViewDataSource.swift; sourceTree = "<group>"; };
		FA778E802CECEACE002A7BB1 /* PullRequestTableViewDelegate.swift */ = {isa = PBXFileReference; lastKnownFileType = sourcecode.swift; path = PullRequestTableViewDelegate.swift; sourceTree = "<group>"; };
		FA778E822CECF1D7002A7BB1 /* RepositoryCellDelegate.swift */ = {isa = PBXFileReference; lastKnownFileType = sourcecode.swift; path = RepositoryCellDelegate.swift; sourceTree = "<group>"; };
		FAAF53642CEAB70F000158D1 /* ProjetoGitHub.app */ = {isa = PBXFileReference; explicitFileType = wrapper.application; includeInIndex = 0; path = ProjetoGitHub.app; sourceTree = BUILT_PRODUCTS_DIR; };
		FAAF53672CEAB70F000158D1 /* AppDelegate.swift */ = {isa = PBXFileReference; lastKnownFileType = sourcecode.swift; path = AppDelegate.swift; sourceTree = "<group>"; };
		FAAF53692CEAB70F000158D1 /* SceneDelegate.swift */ = {isa = PBXFileReference; lastKnownFileType = sourcecode.swift; path = SceneDelegate.swift; sourceTree = "<group>"; };
		FAAF536B2CEAB70F000158D1 /* RepositoriesViewController.swift */ = {isa = PBXFileReference; lastKnownFileType = sourcecode.swift; path = RepositoriesViewController.swift; sourceTree = "<group>"; };
		FAAF53702CEAB710000158D1 /* Assets.xcassets */ = {isa = PBXFileReference; lastKnownFileType = folder.assetcatalog; path = Assets.xcassets; sourceTree = "<group>"; };
		FAAF53732CEAB710000158D1 /* Base */ = {isa = PBXFileReference; lastKnownFileType = file.storyboard; name = Base; path = Base.lproj/LaunchScreen.storyboard; sourceTree = "<group>"; };
		FAAF53752CEAB710000158D1 /* Info.plist */ = {isa = PBXFileReference; lastKnownFileType = text.plist.xml; path = Info.plist; sourceTree = "<group>"; };
		FAAF537A2CEAB710000158D1 /* ProjetoGitHubTests.xctest */ = {isa = PBXFileReference; explicitFileType = wrapper.cfbundle; includeInIndex = 0; path = ProjetoGitHubTests.xctest; sourceTree = BUILT_PRODUCTS_DIR; };
		FAAF537E2CEAB710000158D1 /* ProjetoGitHubTests.swift */ = {isa = PBXFileReference; lastKnownFileType = sourcecode.swift; path = ProjetoGitHubTests.swift; sourceTree = "<group>"; };
		FAAF53842CEAB710000158D1 /* ProjetoGitHubUITests.xctest */ = {isa = PBXFileReference; explicitFileType = wrapper.cfbundle; includeInIndex = 0; path = ProjetoGitHubUITests.xctest; sourceTree = BUILT_PRODUCTS_DIR; };
		FAAF53882CEAB710000158D1 /* ProjetoGitHubUITests.swift */ = {isa = PBXFileReference; lastKnownFileType = sourcecode.swift; path = ProjetoGitHubUITests.swift; sourceTree = "<group>"; };
		FAAF538A2CEAB710000158D1 /* ProjetoGitHubUITestsLaunchTests.swift */ = {isa = PBXFileReference; lastKnownFileType = sourcecode.swift; path = ProjetoGitHubUITestsLaunchTests.swift; sourceTree = "<group>"; };
		FAAF539A2CEAB8E0000158D1 /* GitHubAPI.swift */ = {isa = PBXFileReference; lastKnownFileType = sourcecode.swift; path = GitHubAPI.swift; sourceTree = "<group>"; };
		FAAF539C2CEB743D000158D1 /* PullRequest.swift */ = {isa = PBXFileReference; lastKnownFileType = sourcecode.swift; path = PullRequest.swift; sourceTree = "<group>"; };
		FAAF539E2CEB76B3000158D1 /* RepositoryTableViewCell.swift */ = {isa = PBXFileReference; lastKnownFileType = sourcecode.swift; path = RepositoryTableViewCell.swift; sourceTree = "<group>"; };
/* End PBXFileReference section */

/* Begin PBXFrameworksBuildPhase section */
		FAAF53612CEAB70F000158D1 /* Frameworks */ = {
			isa = PBXFrameworksBuildPhase;
			buildActionMask = 2147483647;
			files = (
			);
			runOnlyForDeploymentPostprocessing = 0;
		};
		FAAF53772CEAB710000158D1 /* Frameworks */ = {
			isa = PBXFrameworksBuildPhase;
			buildActionMask = 2147483647;
			files = (
			);
			runOnlyForDeploymentPostprocessing = 0;
		};
		FAAF53812CEAB710000158D1 /* Frameworks */ = {
			isa = PBXFrameworksBuildPhase;
			buildActionMask = 2147483647;
			files = (
			);
			runOnlyForDeploymentPostprocessing = 0;
		};
/* End PBXFrameworksBuildPhase section */

/* Begin PBXGroup section */
		FA778E6C2CEBAEB2002A7BB1 /* Protocolos */ = {
			isa = PBXGroup;
			children = (
				FA778E6D2CEBAEDB002A7BB1 /* RepositoryTableViewDelegate.swift */,
				FA778E822CECF1D7002A7BB1 /* RepositoryCellDelegate.swift */,
				FA778E6F2CEBAFDE002A7BB1 /* RepositoryTableViewDataSource.swift */,
				FA778E7E2CECE981002A7BB1 /* PullRequestTableViewDataSource.swift */,
				FA778E802CECEACE002A7BB1 /* PullRequestTableViewDelegate.swift */,
			);
			path = Protocolos;
			sourceTree = "<group>";
		};
		FA778E7D2CECE8DE002A7BB1 /* Cell */ = {
			isa = PBXGroup;
			children = (
				FA778E792CECE765002A7BB1 /* PullRequestTableViewCell.swift */,
				FAAF539E2CEB76B3000158D1 /* RepositoryTableViewCell.swift */,
			);
			path = Cell;
			sourceTree = "<group>";
		};
		FAAF535B2CEAB70F000158D1 = {
			isa = PBXGroup;
			children = (
				FAAF53662CEAB70F000158D1 /* ProjetoGitHub */,
				FAAF537D2CEAB710000158D1 /* ProjetoGitHubTests */,
				FAAF53872CEAB710000158D1 /* ProjetoGitHubUITests */,
				FAAF53652CEAB70F000158D1 /* Products */,
			);
			sourceTree = "<group>";
		};
		FAAF53652CEAB70F000158D1 /* Products */ = {
			isa = PBXGroup;
			children = (
				FAAF53642CEAB70F000158D1 /* ProjetoGitHub.app */,
				FAAF537A2CEAB710000158D1 /* ProjetoGitHubTests.xctest */,
				FAAF53842CEAB710000158D1 /* ProjetoGitHubUITests.xctest */,
			);
			name = Products;
			sourceTree = "<group>";
		};
		FAAF53662CEAB70F000158D1 /* ProjetoGitHub */ = {
			isa = PBXGroup;
			children = (
				FAAF53672CEAB70F000158D1 /* AppDelegate.swift */,
				FAAF53692CEAB70F000158D1 /* SceneDelegate.swift */,
				FA778E6C2CEBAEB2002A7BB1 /* Protocolos */,
				FAAF53992CEAB898000158D1 /* View */,
				FAAF53982CEAB884000158D1 /* ViewModel */,
				FAAF53972CEAB864000158D1 /* Model */,
				FAAF53702CEAB710000158D1 /* Assets.xcassets */,
				FAAF53752CEAB710000158D1 /* Info.plist */,
				FAAF53722CEAB710000158D1 /* LaunchScreen.storyboard */,
			);
			path = ProjetoGitHub;
			sourceTree = "<group>";
		};
		FAAF537D2CEAB710000158D1 /* ProjetoGitHubTests */ = {
			isa = PBXGroup;
			children = (
				FAAF537E2CEAB710000158D1 /* ProjetoGitHubTests.swift */,
			);
			path = ProjetoGitHubTests;
			sourceTree = "<group>";
		};
		FAAF53872CEAB710000158D1 /* ProjetoGitHubUITests */ = {
			isa = PBXGroup;
			children = (
				FAAF53882CEAB710000158D1 /* ProjetoGitHubUITests.swift */,
				FAAF538A2CEAB710000158D1 /* ProjetoGitHubUITestsLaunchTests.swift */,
			);
			path = ProjetoGitHubUITests;
			sourceTree = "<group>";
		};
		FAAF53972CEAB864000158D1 /* Model */ = {
			isa = PBXGroup;
			children = (
				FAAF539A2CEAB8E0000158D1 /* GitHubAPI.swift */,
				FA778E732CECC731002A7BB1 /* Item.swift */,
				FA778E752CECC741002A7BB1 /* Owner.swift */,
				FAAF539C2CEB743D000158D1 /* PullRequest.swift */,
			);
			path = Model;
			sourceTree = "<group>";
		};
		FAAF53982CEAB884000158D1 /* ViewModel */ = {
			isa = PBXGroup;
			children = (
				FA778E712CEBB838002A7BB1 /* RepositoryViewModel.swift */,
				FA778E772CECC81C002A7BB1 /* PullRequestViewModel.swift */,
			);
			path = ViewModel;
			sourceTree = "<group>";
		};
		FAAF53992CEAB898000158D1 /* View */ = {
			isa = PBXGroup;
			children = (
				FAAF536B2CEAB70F000158D1 /* RepositoriesViewController.swift */,
				FA778E7B2CECE8D7002A7BB1 /* PullRequestsViewController.swift */,
				FA778E7D2CECE8DE002A7BB1 /* Cell */,
			);
			path = View;
			sourceTree = "<group>";
		};
/* End PBXGroup section */

/* Begin PBXNativeTarget section */
		FAAF53632CEAB70F000158D1 /* ProjetoGitHub */ = {
			isa = PBXNativeTarget;
			buildConfigurationList = FAAF538E2CEAB710000158D1 /* Build configuration list for PBXNativeTarget "ProjetoGitHub" */;
			buildPhases = (
				FAAF53602CEAB70F000158D1 /* Sources */,
				FAAF53612CEAB70F000158D1 /* Frameworks */,
				FAAF53622CEAB70F000158D1 /* Resources */,
			);
			buildRules = (
			);
			dependencies = (
			);
			name = ProjetoGitHub;
			productName = ProjetoGitHub;
			productReference = FAAF53642CEAB70F000158D1 /* ProjetoGitHub.app */;
			productType = "com.apple.product-type.application";
		};
		FAAF53792CEAB710000158D1 /* ProjetoGitHubTests */ = {
			isa = PBXNativeTarget;
			buildConfigurationList = FAAF53912CEAB710000158D1 /* Build configuration list for PBXNativeTarget "ProjetoGitHubTests" */;
			buildPhases = (
				FAAF53762CEAB710000158D1 /* Sources */,
				FAAF53772CEAB710000158D1 /* Frameworks */,
				FAAF53782CEAB710000158D1 /* Resources */,
			);
			buildRules = (
			);
			dependencies = (
				FAAF537C2CEAB710000158D1 /* PBXTargetDependency */,
			);
			name = ProjetoGitHubTests;
			productName = ProjetoGitHubTests;
			productReference = FAAF537A2CEAB710000158D1 /* ProjetoGitHubTests.xctest */;
			productType = "com.apple.product-type.bundle.unit-test";
		};
		FAAF53832CEAB710000158D1 /* ProjetoGitHubUITests */ = {
			isa = PBXNativeTarget;
			buildConfigurationList = FAAF53942CEAB710000158D1 /* Build configuration list for PBXNativeTarget "ProjetoGitHubUITests" */;
			buildPhases = (
				FAAF53802CEAB710000158D1 /* Sources */,
				FAAF53812CEAB710000158D1 /* Frameworks */,
				FAAF53822CEAB710000158D1 /* Resources */,
			);
			buildRules = (
			);
			dependencies = (
				FAAF53862CEAB710000158D1 /* PBXTargetDependency */,
			);
			name = ProjetoGitHubUITests;
			productName = ProjetoGitHubUITests;
			productReference = FAAF53842CEAB710000158D1 /* ProjetoGitHubUITests.xctest */;
			productType = "com.apple.product-type.bundle.ui-testing";
		};
/* End PBXNativeTarget section */

/* Begin PBXProject section */
		FAAF535C2CEAB70F000158D1 /* Project object */ = {
			isa = PBXProject;
			attributes = {
				BuildIndependentTargetsInParallel = 1;
				LastSwiftUpdateCheck = 1520;
				LastUpgradeCheck = 1520;
				TargetAttributes = {
					FAAF53632CEAB70F000158D1 = {
						CreatedOnToolsVersion = 15.2;
					};
					FAAF53792CEAB710000158D1 = {
						CreatedOnToolsVersion = 15.2;
						TestTargetID = FAAF53632CEAB70F000158D1;
					};
					FAAF53832CEAB710000158D1 = {
						CreatedOnToolsVersion = 15.2;
						TestTargetID = FAAF53632CEAB70F000158D1;
					};
				};
			};
			buildConfigurationList = FAAF535F2CEAB70F000158D1 /* Build configuration list for PBXProject "ProjetoGitHub" */;
			compatibilityVersion = "Xcode 14.0";
			developmentRegion = en;
			hasScannedForEncodings = 0;
			knownRegions = (
				en,
				Base,
			);
			mainGroup = FAAF535B2CEAB70F000158D1;
			productRefGroup = FAAF53652CEAB70F000158D1 /* Products */;
			projectDirPath = "";
			projectRoot = "";
			targets = (
				FAAF53632CEAB70F000158D1 /* ProjetoGitHub */,
				FAAF53792CEAB710000158D1 /* ProjetoGitHubTests */,
				FAAF53832CEAB710000158D1 /* ProjetoGitHubUITests */,
			);
		};
/* End PBXProject section */

/* Begin PBXResourcesBuildPhase section */
		FAAF53622CEAB70F000158D1 /* Resources */ = {
			isa = PBXResourcesBuildPhase;
			buildActionMask = 2147483647;
			files = (
				FAAF53742CEAB710000158D1 /* LaunchScreen.storyboard in Resources */,
				FAAF53712CEAB710000158D1 /* Assets.xcassets in Resources */,
			);
			runOnlyForDeploymentPostprocessing = 0;
		};
		FAAF53782CEAB710000158D1 /* Resources */ = {
			isa = PBXResourcesBuildPhase;
			buildActionMask = 2147483647;
			files = (
			);
			runOnlyForDeploymentPostprocessing = 0;
		};
		FAAF53822CEAB710000158D1 /* Resources */ = {
			isa = PBXResourcesBuildPhase;
			buildActionMask = 2147483647;
			files = (
			);
			runOnlyForDeploymentPostprocessing = 0;
		};
/* End PBXResourcesBuildPhase section */

/* Begin PBXSourcesBuildPhase section */
		FAAF53602CEAB70F000158D1 /* Sources */ = {
			isa = PBXSourcesBuildPhase;
			buildActionMask = 2147483647;
			files = (
				FA778E742CECC731002A7BB1 /* Item.swift in Sources */,
				FA778E7A2CECE765002A7BB1 /* PullRequestTableViewCell.swift in Sources */,
				FA778E6E2CEBAEDB002A7BB1 /* RepositoryTableViewDelegate.swift in Sources */,
				FA778E832CECF1D7002A7BB1 /* RepositoryCellDelegate.swift in Sources */,
				FAAF536C2CEAB70F000158D1 /* RepositoriesViewController.swift in Sources */,
				FAAF53682CEAB70F000158D1 /* AppDelegate.swift in Sources */,
				FA778E812CECEACE002A7BB1 /* PullRequestTableViewDelegate.swift in Sources */,
				FA778E7F2CECE981002A7BB1 /* PullRequestTableViewDataSource.swift in Sources */,
				FAAF536A2CEAB70F000158D1 /* SceneDelegate.swift in Sources */,
				FA778E702CEBAFDE002A7BB1 /* RepositoryTableViewDataSource.swift in Sources */,
				FA778E722CEBB838002A7BB1 /* RepositoryViewModel.swift in Sources */,
				FA778E782CECC81C002A7BB1 /* PullRequestViewModel.swift in Sources */,
				FAAF539F2CEB76B3000158D1 /* RepositoryTableViewCell.swift in Sources */,
				FA778E762CECC741002A7BB1 /* Owner.swift in Sources */,
				FAAF539D2CEB743D000158D1 /* PullRequest.swift in Sources */,
				FA778E7C2CECE8D7002A7BB1 /* PullRequestsViewController.swift in Sources */,
				FAAF539B2CEAB8E0000158D1 /* GitHubAPI.swift in Sources */,
			);
			runOnlyForDeploymentPostprocessing = 0;
		};
		FAAF53762CEAB710000158D1 /* Sources */ = {
			isa = PBXSourcesBuildPhase;
			buildActionMask = 2147483647;
			files = (
				FAAF537F2CEAB710000158D1 /* ProjetoGitHubTests.swift in Sources */,
			);
			runOnlyForDeploymentPostprocessing = 0;
		};
		FAAF53802CEAB710000158D1 /* Sources */ = {
			isa = PBXSourcesBuildPhase;
			buildActionMask = 2147483647;
			files = (
				FAAF53892CEAB710000158D1 /* ProjetoGitHubUITests.swift in Sources */,
				FAAF538B2CEAB710000158D1 /* ProjetoGitHubUITestsLaunchTests.swift in Sources */,
			);
			runOnlyForDeploymentPostprocessing = 0;
		};
/* End PBXSourcesBuildPhase section */

/* Begin PBXTargetDependency section */
		FAAF537C2CEAB710000158D1 /* PBXTargetDependency */ = {
			isa = PBXTargetDependency;
			target = FAAF53632CEAB70F000158D1 /* ProjetoGitHub */;
			targetProxy = FAAF537B2CEAB710000158D1 /* PBXContainerItemProxy */;
		};
		FAAF53862CEAB710000158D1 /* PBXTargetDependency */ = {
			isa = PBXTargetDependency;
			target = FAAF53632CEAB70F000158D1 /* ProjetoGitHub */;
			targetProxy = FAAF53852CEAB710000158D1 /* PBXContainerItemProxy */;
		};
/* End PBXTargetDependency section */

/* Begin PBXVariantGroup section */
		FAAF53722CEAB710000158D1 /* LaunchScreen.storyboard */ = {
			isa = PBXVariantGroup;
			children = (
				FAAF53732CEAB710000158D1 /* Base */,
			);
			name = LaunchScreen.storyboard;
			sourceTree = "<group>";
		};
/* End PBXVariantGroup section */

/* Begin XCBuildConfiguration section */
		FAAF538C2CEAB710000158D1 /* Debug */ = {
			isa = XCBuildConfiguration;
			buildSettings = {
				ALWAYS_SEARCH_USER_PATHS = NO;
				ASSETCATALOG_COMPILER_GENERATE_SWIFT_ASSET_SYMBOL_EXTENSIONS = YES;
				CLANG_ANALYZER_NONNULL = YES;
				CLANG_ANALYZER_NUMBER_OBJECT_CONVERSION = YES_AGGRESSIVE;
				CLANG_CXX_LANGUAGE_STANDARD = "gnu++20";
				CLANG_ENABLE_MODULES = YES;
				CLANG_ENABLE_OBJC_ARC = YES;
				CLANG_ENABLE_OBJC_WEAK = YES;
				CLANG_WARN_BLOCK_CAPTURE_AUTORELEASING = YES;
				CLANG_WARN_BOOL_CONVERSION = YES;
				CLANG_WARN_COMMA = YES;
				CLANG_WARN_CONSTANT_CONVERSION = YES;
				CLANG_WARN_DEPRECATED_OBJC_IMPLEMENTATIONS = YES;
				CLANG_WARN_DIRECT_OBJC_ISA_USAGE = YES_ERROR;
				CLANG_WARN_DOCUMENTATION_COMMENTS = YES;
				CLANG_WARN_EMPTY_BODY = YES;
				CLANG_WARN_ENUM_CONVERSION = YES;
				CLANG_WARN_INFINITE_RECURSION = YES;
				CLANG_WARN_INT_CONVERSION = YES;
				CLANG_WARN_NON_LITERAL_NULL_CONVERSION = YES;
				CLANG_WARN_OBJC_IMPLICIT_RETAIN_SELF = YES;
				CLANG_WARN_OBJC_LITERAL_CONVERSION = YES;
				CLANG_WARN_OBJC_ROOT_CLASS = YES_ERROR;
				CLANG_WARN_QUOTED_INCLUDE_IN_FRAMEWORK_HEADER = YES;
				CLANG_WARN_RANGE_LOOP_ANALYSIS = YES;
				CLANG_WARN_STRICT_PROTOTYPES = YES;
				CLANG_WARN_SUSPICIOUS_MOVE = YES;
				CLANG_WARN_UNGUARDED_AVAILABILITY = YES_AGGRESSIVE;
				CLANG_WARN_UNREACHABLE_CODE = YES;
				CLANG_WARN__DUPLICATE_METHOD_MATCH = YES;
				COPY_PHASE_STRIP = NO;
				DEBUG_INFORMATION_FORMAT = dwarf;
				ENABLE_STRICT_OBJC_MSGSEND = YES;
				ENABLE_TESTABILITY = YES;
				ENABLE_USER_SCRIPT_SANDBOXING = YES;
				GCC_C_LANGUAGE_STANDARD = gnu17;
				GCC_DYNAMIC_NO_PIC = NO;
				GCC_NO_COMMON_BLOCKS = YES;
				GCC_OPTIMIZATION_LEVEL = 0;
				GCC_PREPROCESSOR_DEFINITIONS = (
					"DEBUG=1",
					"$(inherited)",
				);
				GCC_WARN_64_TO_32_BIT_CONVERSION = YES;
				GCC_WARN_ABOUT_RETURN_TYPE = YES_ERROR;
				GCC_WARN_UNDECLARED_SELECTOR = YES;
				GCC_WARN_UNINITIALIZED_AUTOS = YES_AGGRESSIVE;
				GCC_WARN_UNUSED_FUNCTION = YES;
				GCC_WARN_UNUSED_VARIABLE = YES;
				IPHONEOS_DEPLOYMENT_TARGET = 17.2;
				LOCALIZATION_PREFERS_STRING_CATALOGS = YES;
				MTL_ENABLE_DEBUG_INFO = INCLUDE_SOURCE;
				MTL_FAST_MATH = YES;
				ONLY_ACTIVE_ARCH = YES;
				SDKROOT = iphoneos;
				SWIFT_ACTIVE_COMPILATION_CONDITIONS = "DEBUG $(inherited)";
				SWIFT_OPTIMIZATION_LEVEL = "-Onone";
			};
			name = Debug;
		};
		FAAF538D2CEAB710000158D1 /* Release */ = {
			isa = XCBuildConfiguration;
			buildSettings = {
				ALWAYS_SEARCH_USER_PATHS = NO;
				ASSETCATALOG_COMPILER_GENERATE_SWIFT_ASSET_SYMBOL_EXTENSIONS = YES;
				CLANG_ANALYZER_NONNULL = YES;
				CLANG_ANALYZER_NUMBER_OBJECT_CONVERSION = YES_AGGRESSIVE;
				CLANG_CXX_LANGUAGE_STANDARD = "gnu++20";
				CLANG_ENABLE_MODULES = YES;
				CLANG_ENABLE_OBJC_ARC = YES;
				CLANG_ENABLE_OBJC_WEAK = YES;
				CLANG_WARN_BLOCK_CAPTURE_AUTORELEASING = YES;
				CLANG_WARN_BOOL_CONVERSION = YES;
				CLANG_WARN_COMMA = YES;
				CLANG_WARN_CONSTANT_CONVERSION = YES;
				CLANG_WARN_DEPRECATED_OBJC_IMPLEMENTATIONS = YES;
				CLANG_WARN_DIRECT_OBJC_ISA_USAGE = YES_ERROR;
				CLANG_WARN_DOCUMENTATION_COMMENTS = YES;
				CLANG_WARN_EMPTY_BODY = YES;
				CLANG_WARN_ENUM_CONVERSION = YES;
				CLANG_WARN_INFINITE_RECURSION = YES;
				CLANG_WARN_INT_CONVERSION = YES;
				CLANG_WARN_NON_LITERAL_NULL_CONVERSION = YES;
				CLANG_WARN_OBJC_IMPLICIT_RETAIN_SELF = YES;
				CLANG_WARN_OBJC_LITERAL_CONVERSION = YES;
				CLANG_WARN_OBJC_ROOT_CLASS = YES_ERROR;
				CLANG_WARN_QUOTED_INCLUDE_IN_FRAMEWORK_HEADER = YES;
				CLANG_WARN_RANGE_LOOP_ANALYSIS = YES;
				CLANG_WARN_STRICT_PROTOTYPES = YES;
				CLANG_WARN_SUSPICIOUS_MOVE = YES;
				CLANG_WARN_UNGUARDED_AVAILABILITY = YES_AGGRESSIVE;
				CLANG_WARN_UNREACHABLE_CODE = YES;
				CLANG_WARN__DUPLICATE_METHOD_MATCH = YES;
				COPY_PHASE_STRIP = NO;
				DEBUG_INFORMATION_FORMAT = "dwarf-with-dsym";
				ENABLE_NS_ASSERTIONS = NO;
				ENABLE_STRICT_OBJC_MSGSEND = YES;
				ENABLE_USER_SCRIPT_SANDBOXING = YES;
				GCC_C_LANGUAGE_STANDARD = gnu17;
				GCC_NO_COMMON_BLOCKS = YES;
				GCC_WARN_64_TO_32_BIT_CONVERSION = YES;
				GCC_WARN_ABOUT_RETURN_TYPE = YES_ERROR;
				GCC_WARN_UNDECLARED_SELECTOR = YES;
				GCC_WARN_UNINITIALIZED_AUTOS = YES_AGGRESSIVE;
				GCC_WARN_UNUSED_FUNCTION = YES;
				GCC_WARN_UNUSED_VARIABLE = YES;
				IPHONEOS_DEPLOYMENT_TARGET = 17.2;
				LOCALIZATION_PREFERS_STRING_CATALOGS = YES;
				MTL_ENABLE_DEBUG_INFO = NO;
				MTL_FAST_MATH = YES;
				SDKROOT = iphoneos;
				SWIFT_COMPILATION_MODE = wholemodule;
				VALIDATE_PRODUCT = YES;
			};
			name = Release;
		};
		FAAF538F2CEAB710000158D1 /* Debug */ = {
			isa = XCBuildConfiguration;
			buildSettings = {
				ASSETCATALOG_COMPILER_APPICON_NAME = AppIcon;
				ASSETCATALOG_COMPILER_GLOBAL_ACCENT_COLOR_NAME = AccentColor;
				CODE_SIGN_STYLE = Automatic;
				CURRENT_PROJECT_VERSION = 1;
				DEVELOPMENT_TEAM = ACG36J6YH2;
				GENERATE_INFOPLIST_FILE = YES;
				INFOPLIST_FILE = ProjetoGitHub/Info.plist;
				INFOPLIST_KEY_UIApplicationSupportsIndirectInputEvents = YES;
				INFOPLIST_KEY_UILaunchStoryboardName = LaunchScreen;
				INFOPLIST_KEY_UISupportedInterfaceOrientations_iPad = "UIInterfaceOrientationPortrait UIInterfaceOrientationPortraitUpsideDown UIInterfaceOrientationLandscapeLeft UIInterfaceOrientationLandscapeRight";
				INFOPLIST_KEY_UISupportedInterfaceOrientations_iPhone = "UIInterfaceOrientationPortrait UIInterfaceOrientationLandscapeLeft UIInterfaceOrientationLandscapeRight";
				LD_RUNPATH_SEARCH_PATHS = (
					"$(inherited)",
					"@executable_path/Frameworks",
				);
				MARKETING_VERSION = 1.0;
				PRODUCT_BUNDLE_IDENTIFIER = feiracarreiras.ProjetoGitHub;
				PRODUCT_NAME = "$(TARGET_NAME)";
				SUPPORTED_PLATFORMS = "iphoneos iphonesimulator";
				SUPPORTS_MACCATALYST = NO;
				SUPPORTS_MAC_DESIGNED_FOR_IPHONE_IPAD = NO;
				SUPPORTS_XR_DESIGNED_FOR_IPHONE_IPAD = NO;
				SWIFT_EMIT_LOC_STRINGS = YES;
				SWIFT_VERSION = 5.0;
				TARGETED_DEVICE_FAMILY = 1;
			};
			name = Debug;
		};
		FAAF53902CEAB710000158D1 /* Release */ = {
			isa = XCBuildConfiguration;
			buildSettings = {
				ASSETCATALOG_COMPILER_APPICON_NAME = AppIcon;
				ASSETCATALOG_COMPILER_GLOBAL_ACCENT_COLOR_NAME = AccentColor;
				CODE_SIGN_STYLE = Automatic;
				CURRENT_PROJECT_VERSION = 1;
				DEVELOPMENT_TEAM = ACG36J6YH2;
				GENERATE_INFOPLIST_FILE = YES;
				INFOPLIST_FILE = ProjetoGitHub/Info.plist;
				INFOPLIST_KEY_UIApplicationSupportsIndirectInputEvents = YES;
				INFOPLIST_KEY_UILaunchStoryboardName = LaunchScreen;
				INFOPLIST_KEY_UISupportedInterfaceOrientations_iPad = "UIInterfaceOrientationPortrait UIInterfaceOrientationPortraitUpsideDown UIInterfaceOrientationLandscapeLeft UIInterfaceOrientationLandscapeRight";
				INFOPLIST_KEY_UISupportedInterfaceOrientations_iPhone = "UIInterfaceOrientationPortrait UIInterfaceOrientationLandscapeLeft UIInterfaceOrientationLandscapeRight";
				LD_RUNPATH_SEARCH_PATHS = (
					"$(inherited)",
					"@executable_path/Frameworks",
				);
				MARKETING_VERSION = 1.0;
				PRODUCT_BUNDLE_IDENTIFIER = feiracarreiras.ProjetoGitHub;
				PRODUCT_NAME = "$(TARGET_NAME)";
				SUPPORTED_PLATFORMS = "iphoneos iphonesimulator";
				SUPPORTS_MACCATALYST = NO;
				SUPPORTS_MAC_DESIGNED_FOR_IPHONE_IPAD = NO;
				SUPPORTS_XR_DESIGNED_FOR_IPHONE_IPAD = NO;
				SWIFT_EMIT_LOC_STRINGS = YES;
				SWIFT_VERSION = 5.0;
				TARGETED_DEVICE_FAMILY = 1;
			};
			name = Release;
		};
		FAAF53922CEAB710000158D1 /* Debug */ = {
			isa = XCBuildConfiguration;
			buildSettings = {
				ALWAYS_EMBED_SWIFT_STANDARD_LIBRARIES = YES;
				BUNDLE_LOADER = "$(TEST_HOST)";
				CODE_SIGN_STYLE = Automatic;
				CURRENT_PROJECT_VERSION = 1;
				DEVELOPMENT_TEAM = ACG36J6YH2;
				GENERATE_INFOPLIST_FILE = YES;
				IPHONEOS_DEPLOYMENT_TARGET = 17.2;
				MARKETING_VERSION = 1.0;
				PRODUCT_BUNDLE_IDENTIFIER = feiracarreiras.ProjetoGitHubTests;
				PRODUCT_NAME = "$(TARGET_NAME)";
				SWIFT_EMIT_LOC_STRINGS = NO;
				SWIFT_VERSION = 5.0;
				TARGETED_DEVICE_FAMILY = "1,2";
				TEST_HOST = "$(BUILT_PRODUCTS_DIR)/ProjetoGitHub.app/$(BUNDLE_EXECUTABLE_FOLDER_PATH)/ProjetoGitHub";
			};
			name = Debug;
		};
		FAAF53932CEAB710000158D1 /* Release */ = {
			isa = XCBuildConfiguration;
			buildSettings = {
				ALWAYS_EMBED_SWIFT_STANDARD_LIBRARIES = YES;
				BUNDLE_LOADER = "$(TEST_HOST)";
				CODE_SIGN_STYLE = Automatic;
				CURRENT_PROJECT_VERSION = 1;
				DEVELOPMENT_TEAM = ACG36J6YH2;
				GENERATE_INFOPLIST_FILE = YES;
				IPHONEOS_DEPLOYMENT_TARGET = 17.2;
				MARKETING_VERSION = 1.0;
				PRODUCT_BUNDLE_IDENTIFIER = feiracarreiras.ProjetoGitHubTests;
				PRODUCT_NAME = "$(TARGET_NAME)";
				SWIFT_EMIT_LOC_STRINGS = NO;
				SWIFT_VERSION = 5.0;
				TARGETED_DEVICE_FAMILY = "1,2";
				TEST_HOST = "$(BUILT_PRODUCTS_DIR)/ProjetoGitHub.app/$(BUNDLE_EXECUTABLE_FOLDER_PATH)/ProjetoGitHub";
			};
			name = Release;
		};
		FAAF53952CEAB710000158D1 /* Debug */ = {
			isa = XCBuildConfiguration;
			buildSettings = {
				ALWAYS_EMBED_SWIFT_STANDARD_LIBRARIES = YES;
				CODE_SIGN_STYLE = Automatic;
				CURRENT_PROJECT_VERSION = 1;
				DEVELOPMENT_TEAM = ACG36J6YH2;
				GENERATE_INFOPLIST_FILE = YES;
				MARKETING_VERSION = 1.0;
				PRODUCT_BUNDLE_IDENTIFIER = feiracarreiras.ProjetoGitHubUITests;
				PRODUCT_NAME = "$(TARGET_NAME)";
				SWIFT_EMIT_LOC_STRINGS = NO;
				SWIFT_VERSION = 5.0;
				TARGETED_DEVICE_FAMILY = "1,2";
				TEST_TARGET_NAME = ProjetoGitHub;
			};
			name = Debug;
		};
		FAAF53962CEAB710000158D1 /* Release */ = {
			isa = XCBuildConfiguration;
			buildSettings = {
				ALWAYS_EMBED_SWIFT_STANDARD_LIBRARIES = YES;
				CODE_SIGN_STYLE = Automatic;
				CURRENT_PROJECT_VERSION = 1;
				DEVELOPMENT_TEAM = ACG36J6YH2;
				GENERATE_INFOPLIST_FILE = YES;
				MARKETING_VERSION = 1.0;
				PRODUCT_BUNDLE_IDENTIFIER = feiracarreiras.ProjetoGitHubUITests;
				PRODUCT_NAME = "$(TARGET_NAME)";
				SWIFT_EMIT_LOC_STRINGS = NO;
				SWIFT_VERSION = 5.0;
				TARGETED_DEVICE_FAMILY = "1,2";
				TEST_TARGET_NAME = ProjetoGitHub;
			};
			name = Release;
		};
/* End XCBuildConfiguration section */

/* Begin XCConfigurationList section */
		FAAF535F2CEAB70F000158D1 /* Build configuration list for PBXProject "ProjetoGitHub" */ = {
			isa = XCConfigurationList;
			buildConfigurations = (
				FAAF538C2CEAB710000158D1 /* Debug */,
				FAAF538D2CEAB710000158D1 /* Release */,
			);
			defaultConfigurationIsVisible = 0;
			defaultConfigurationName = Release;
		};
		FAAF538E2CEAB710000158D1 /* Build configuration list for PBXNativeTarget "ProjetoGitHub" */ = {
			isa = XCConfigurationList;
			buildConfigurations = (
				FAAF538F2CEAB710000158D1 /* Debug */,
				FAAF53902CEAB710000158D1 /* Release */,
			);
			defaultConfigurationIsVisible = 0;
			defaultConfigurationName = Release;
		};
		FAAF53912CEAB710000158D1 /* Build configuration list for PBXNativeTarget "ProjetoGitHubTests" */ = {
			isa = XCConfigurationList;
			buildConfigurations = (
				FAAF53922CEAB710000158D1 /* Debug */,
				FAAF53932CEAB710000158D1 /* Release */,
			);
			defaultConfigurationIsVisible = 0;
			defaultConfigurationName = Release;
		};
		FAAF53942CEAB710000158D1 /* Build configuration list for PBXNativeTarget "ProjetoGitHubUITests" */ = {
			isa = XCConfigurationList;
			buildConfigurations = (
				FAAF53952CEAB710000158D1 /* Debug */,
				FAAF53962CEAB710000158D1 /* Release */,
			);
			defaultConfigurationIsVisible = 0;
			defaultConfigurationName = Release;
		};
/* End XCConfigurationList section */
	};
	rootObject = FAAF535C2CEAB70F000158D1 /* Project object */;
}
